
Microsoft Visual Studio Solution File, Format Version 12.00
# Visual Studio Version 16
VisualStudioVersion = 16.0.30523.141
MinimumVisualStudioVersion = 10.0.40219.1
Project("{FAE04EC0-301F-11D3-BF4B-00C04F79EFBC}") = "ProstyKalkulator", "ProstyKalkulator.csproj", "{09EE6035-5108-4938-8AE5-CD7AD9BB2AF0}"
EndProject
Global
	GlobalSection(SolutionConfigurationPlatforms) = preSolution
		Debug|Any CPU = Debug|Any CPU
		Release|Any CPU = Release|Any CPU
	EndGlobalSection
	GlobalSection(ProjectConfigurationPlatforms) = postSolution
		{09EE6035-5108-4938-8AE5-CD7AD9BB2AF0}.Debug|Any CPU.ActiveCfg = Debug|Any CPU
		{09EE6035-5108-4938-8AE5-CD7AD9BB2AF0}.Debug|Any CPU.Build.0 = Debug|Any CPU
		{09EE6035-5108-4938-8AE5-CD7AD9BB2AF0}.Release|Any CPU.ActiveCfg = Release|Any CPU
		{09EE6035-5108-4938-8AE5-CD7AD9BB2AF0}.Release|Any CPU.Build.0 = Release|Any CPU
	EndGlobalSection
	GlobalSection(SolutionProperties) = preSolution
		HideSolutionNode = FALSE
	EndGlobalSection
	GlobalSection(ExtensibilityGlobals) = postSolution
		SolutionGuid = {F64D4F76-4BBC-4633-9516-FEEE607D415A}
	EndGlobalSection
EndGlobal
